{
  "nodes": {
    "fenix": {
      "inputs": {
        "nixpkgs": [
          "pgrx",
          "nixpkgs"
        ],
        "rust-analyzer-src": "rust-analyzer-src"
      },
      "locked": {
        "lastModified": 1663570974,
        "narHash": "sha256-ncUdRdY70VdJIX6Mi+820xeD7FutADd3NbQR0BKkFYA=",
        "owner": "nix-community",
        "repo": "fenix",
        "rev": "02093d3aca186135da78b76ac28ec58031391076",
        "type": "github"
      },
      "original": {
        "owner": "nix-community",
        "repo": "fenix",
        "type": "github"
      }
    },
    "gitignore": {
      "inputs": {
        "nixpkgs": [
          "pgrx",
          "nixpkgs"
        ]
      },
      "locked": {
        "lastModified": 1660459072,
        "narHash": "sha256-8DFJjXG8zqoONA1vXtgeKXy68KdJL5UaXR8NtVMUbx8=",
        "owner": "hercules-ci",
        "repo": "gitignore.nix",
        "rev": "a20de23b925fd8264fd7fad6454652e142fd7f73",
        "type": "github"
      },
      "original": {
        "owner": "hercules-ci",
        "repo": "gitignore.nix",
        "type": "github"
      }
    },
    "naersk": {
      "inputs": {
        "nixpkgs": [
          "nixpkgs"
        ]
      },
      "locked": {
        "lastModified": 1662220400,
        "narHash": "sha256-9o2OGQqu4xyLZP9K6kNe1pTHnyPz0Wr3raGYnr9AIgY=",
        "owner": "nmattia",
        "repo": "naersk",
        "rev": "6944160c19cb591eb85bbf9b2f2768a935623ed3",
        "type": "github"
      },
      "original": {
        "owner": "nmattia",
        "repo": "naersk",
        "type": "github"
      }
    },
    "nixpkgs": {
      "locked": {
        "lastModified": 1663578619,
        "narHash": "sha256-kNgJXZIr4pi2NbDUfjj4APa+LlCmRUM4Ly2Xf70PVaw=",
        "owner": "NixOS",
        "repo": "nixpkgs",
        "rev": "a13d59408da1108fc6c9ffe4750ab7a33c581d24",
        "type": "github"
      },
      "original": {
        "owner": "NixOS",
        "ref": "nixpkgs-unstable",
        "repo": "nixpkgs",
        "type": "github"
      }
    },
    "pgrx": {
      "inputs": {
        "fenix": "fenix",
        "gitignore": "gitignore",
        "naersk": [
          "naersk"
        ],
        "nixpkgs": [
          "nixpkgs"
        ]
      },
      "locked": {
        "lastModified": 1663709485,
        "narHash": "sha256-KzipDxg8tvTkvVcb9hoNMymAaWF4bjmwpNWUFkvJxEE=",
        "owner": "zombodb",
        "repo": "pgrx",
        "rev": "dc4f46bba336b5b705026807c2adb5d362a1bc1f",
        "type": "github"
      },
      "original": {
        "owner": "zombodb",
        "ref": "new-sql-type-mapping",
        "repo": "pgrx",
        "type": "github"
      }
    },
    "root": {
      "inputs": {
        "naersk": "naersk",
        "nixpkgs": "nixpkgs",
        "pgrx": "pgrx"
      }
    },
    "rust-analyzer-src": {
      "flake": false,
      "locked": {
        "lastModified": 1662896065,
        "narHash": "sha256-1LkSsXzI1JTAmP/GMTz4fTJd8y/tw8R79l96q+h7mu8=",
        "owner": "rust-lang",
        "repo": "rust-analyzer",
        "rev": "2e9f1204ca01c3e20898d4a67c8b84899d394a88",
        "type": "github"
      },
      "original": {
        "owner": "rust-lang",
        "ref": "nightly",
        "repo": "rust-analyzer",
        "type": "github"
      }
    }
  },
  "root": "root",
  "version": 7
}
