{
  "nodes": {
    "naersk": {
      "inputs": {
        "nixpkgs": [
          "nixpkgs"
        ]
      },
      "locked": {
        "lastModified": 1623927034,
        "narHash": "sha256-sGxlmfp5eXL5sAMNqHSb04Zq6gPl+JeltIZ226OYN0w=",
        "owner": "nmattia",
        "repo": "naersk",
        "rev": "e09c320446c5c2516d430803f7b19f5833781337",
        "type": "github"
      },
      "original": {
        "owner": "nmattia",
        "repo": "naersk",
        "type": "github"
      }
    },
    "naersk_2": {
      "inputs": {
        "nixpkgs": [
          "nixpkgs"
        ]
      },
      "locked": {
        "lastModified": 1623927034,
        "narHash": "sha256-sGxlmfp5eXL5sAMNqHSb04Zq6gPl+JeltIZ226OYN0w=",
        "owner": "nmattia",
        "repo": "naersk",
        "rev": "e09c320446c5c2516d430803f7b19f5833781337",
        "type": "github"
      },
      "original": {
        "owner": "nmattia",
        "repo": "naersk",
        "type": "github"
      }
    },
    "nixpkgs": {
      "locked": {
        "lastModified": 1626087906,
        "narHash": "sha256-n6jPX5j5yEsM5GGnMOmD2syZnoYfVONW/LztPsKu5Uc=",
        "owner": "NixOS",
        "repo": "nixpkgs",
        "rev": "eaff114326e814083bcb208caa97eab1fbedd79b",
        "type": "github"
      },
      "original": {
        "owner": "NixOS",
        "ref": "nixpkgs-unstable",
        "repo": "nixpkgs",
        "type": "github"
      }
    },
    "pgx": {
      "inputs": {
        "naersk": "naersk_2",
        "nixpkgs": [
          "nixpkgs"
        ]
      },
      "locked": {
        "lastModified": 1626130752,
        "narHash": "sha256-WVV0XKALanvdjArJjPHmi2lzusR5c0A4rcXMRelwA1c=",
        "owner": "zombodb",
        "repo": "pgx",
        "rev": "30b077a8f24485fcd44aa7cef3d2974f1ccd91af",
        "type": "github"
      },
      "original": {
        "owner": "zombodb",
        "ref": "oh-no-type-resolution",
        "repo": "pgx",
        "type": "github"
      }
    },
    "root": {
      "inputs": {
        "naersk": "naersk",
        "nixpkgs": "nixpkgs",
        "pgx": "pgx"
      }
    }
  },
  "root": "root",
  "version": 7
}
