{
  "nodes": {
    "naersk": {
      "inputs": {
        "nixpkgs": [
          "nixpkgs"
        ]
      },
      "locked": {
        "lastModified": 1623927034,
        "narHash": "sha256-sGxlmfp5eXL5sAMNqHSb04Zq6gPl+JeltIZ226OYN0w=",
        "owner": "nmattia",
        "repo": "naersk",
        "rev": "e09c320446c5c2516d430803f7b19f5833781337",
        "type": "github"
      },
      "original": {
        "owner": "nmattia",
        "repo": "naersk",
        "type": "github"
      }
    },
    "naersk_2": {
      "inputs": {
        "nixpkgs": [
          "nixpkgs"
        ]
      },
      "locked": {
        "lastModified": 1623927034,
        "narHash": "sha256-sGxlmfp5eXL5sAMNqHSb04Zq6gPl+JeltIZ226OYN0w=",
        "owner": "nmattia",
        "repo": "naersk",
        "rev": "e09c320446c5c2516d430803f7b19f5833781337",
        "type": "github"
      },
      "original": {
        "owner": "nmattia",
        "repo": "naersk",
        "type": "github"
      }
    },
    "nixpkgs": {
      "locked": {
        "lastModified": 1628509071,
        "narHash": "sha256-087s5w6okAx3QOlRLkiquINjQhGc/EfqpPQy3EGj/MA=",
        "owner": "NixOS",
        "repo": "nixpkgs",
        "rev": "2995a644bfa2a6825a11ad49c2ed0e8b8c654252",
        "type": "github"
      },
      "original": {
        "owner": "NixOS",
        "ref": "nixpkgs-unstable",
        "repo": "nixpkgs",
        "type": "github"
      }
    },
    "pgx": {
      "inputs": {
        "naersk": "naersk_2",
        "nixpkgs": [
          "nixpkgs"
        ]
      },
      "locked": {
        "lastModified": 1628538283,
        "narHash": "sha256-MVEVIjyXPujaOZc8VGLXiVl3XVNzxdcQlhIyaR7Kjww=",
        "owner": "zombodb",
        "repo": "pgx",
        "rev": "e1d6db9bac49725d67ccebc472d47f652abca285",
        "type": "github"
      },
      "original": {
        "owner": "zombodb",
        "ref": "oh-no-type-resolution",
        "repo": "pgx",
        "type": "github"
      }
    },
    "root": {
      "inputs": {
        "naersk": "naersk",
        "nixpkgs": "nixpkgs",
        "pgx": "pgx"
      }
    }
  },
  "root": "root",
  "version": 7
}
